# generated by rye
# use `rye lock` or `rye sync` to update this lockfile
#
# last locked with the following flags:
#   pre: false
#   features: []
#   all-features: false

-e file:.
altgraph==0.17.3
bcrypt==4.0.1
black==23.7.0
cffi==1.15.1
click==8.1.6
colorama==0.4.6
cryptography==41.0.2
dictknife==0.14.0
exceptiongroup==1.1.2
iniconfig==2.0.0
mypy-extensions==1.0.0
ouilookup==0.3.1
packaging==23.1
paramiko==3.2.0
pathspec==0.11.1
pefile==2023.2.7
platformdirs==3.9.1
pluggy==1.2.0
pycparser==2.21
pyinstaller==5.13.0
pyinstaller-hooks-contrib==2023.6
pynacl==1.5.0
pytest==7.4.0
pywin32-ctypes==0.2.2
tomli==2.0.1
typing-extensions==4.7.1
# The following packages are considered to be unsafe in a requirements file:
setuptools==68.0.0
